
Microsoft Visual Studio Solution File, Format Version 12.00
# Visual Studio Version 17
VisualStudioVersion = 17.5.33530.505
MinimumVisualStudioVersion = 10.0.40219.1
Project("{9A19103F-16F7-4668-BE54-9A1E7A4F7556}") = "TypeGuesser", "TypeGuesser\TypeGuesser.csproj", "{80890B33-64BF-44BA-938D-F6389969C141}"
EndProject
Project("{9A19103F-16F7-4668-BE54-9A1E7A4F7556}") = "Tests", "Tests\Tests.csproj", "{D98EEF18-2AAC-4F39-8EA1-13C6D9960877}"
EndProject
Project("{2150E333-8FDC-42A3-9474-1A3956D46DE8}") = "SolutionItems", "SolutionItems", "{EAE289E1-E8AF-4627-91A6-12E6D5F9F027}"
	ProjectSection(SolutionItems) = preProject
		CHANGELOG.md = CHANGELOG.md
		Directory.Build.props = Directory.Build.props
		Packages.md = Packages.md
		README.md = README.md
		SharedAssemblyInfo.cs = SharedAssemblyInfo.cs
	EndProjectSection
EndProject
Global
	GlobalSection(SolutionConfigurationPlatforms) = preSolution
		Debug|Any CPU = Debug|Any CPU
		Release|Any CPU = Release|Any CPU
	EndGlobalSection
	GlobalSection(ProjectConfigurationPlatforms) = postSolution
		{80890B33-64BF-44BA-938D-F6389969C141}.Debug|Any CPU.ActiveCfg = Debug|Any CPU
		{80890B33-64BF-44BA-938D-F6389969C141}.Debug|Any CPU.Build.0 = Debug|Any CPU
		{80890B33-64BF-44BA-938D-F6389969C141}.Release|Any CPU.ActiveCfg = Release|Any CPU
		{80890B33-64BF-44BA-938D-F6389969C141}.Release|Any CPU.Build.0 = Release|Any CPU
		{D98EEF18-2AAC-4F39-8EA1-13C6D9960877}.Debug|Any CPU.ActiveCfg = Debug|Any CPU
		{D98EEF18-2AAC-4F39-8EA1-13C6D9960877}.Debug|Any CPU.Build.0 = Debug|Any CPU
		{D98EEF18-2AAC-4F39-8EA1-13C6D9960877}.Release|Any CPU.ActiveCfg = Release|Any CPU
		{D98EEF18-2AAC-4F39-8EA1-13C6D9960877}.Release|Any CPU.Build.0 = Release|Any CPU
	EndGlobalSection
	GlobalSection(SolutionProperties) = preSolution
		HideSolutionNode = FALSE
	EndGlobalSection
	GlobalSection(ExtensibilityGlobals) = postSolution
		SolutionGuid = {5C6A6A7B-2112-44B0-8BAA-FC11AFEE5D73}
	EndGlobalSection
EndGlobal
